
Microsoft Visual Studio Solution File, Format Version 12.00
# Visual Studio Version 16
VisualStudioVersion = 16.0.32002.261
MinimumVisualStudioVersion = 10.0.40219.1
Project("{FAE04EC0-301F-11D3-BF4B-00C04F79EFBC}") = "SMART DataDriven KPC", "SMART DataDriven KPC\SMART DataDriven KPC.csproj", "{26F78E04-63BA-4ADC-835E-4E5A6CB09C74}"
EndProject
Global
	GlobalSection(SolutionConfigurationPlatforms) = preSolution
		Debug|Any CPU = Debug|Any CPU
		Release|Any CPU = Release|Any CPU
	EndGlobalSection
	GlobalSection(ProjectConfigurationPlatforms) = postSolution
		{26F78E04-63BA-4ADC-835E-4E5A6CB09C74}.Debug|Any CPU.ActiveCfg = Debug|Any CPU
		{26F78E04-63BA-4ADC-835E-4E5A6CB09C74}.Debug|Any CPU.Build.0 = Debug|Any CPU
		{26F78E04-63BA-4ADC-835E-4E5A6CB09C74}.Release|Any CPU.ActiveCfg = Release|Any CPU
		{26F78E04-63BA-4ADC-835E-4E5A6CB09C74}.Release|Any CPU.Build.0 = Release|Any CPU
	EndGlobalSection
	GlobalSection(SolutionProperties) = preSolution
		HideSolutionNode = FALSE
	EndGlobalSection
	GlobalSection(ExtensibilityGlobals) = postSolution
		SolutionGuid = {82F626BE-479F-4847-A16D-60B6F2EA4B67}
	EndGlobalSection
EndGlobal
